{
  "name": "github-packages-monorepo-poc",
  "version": "1.0.0",
  "lockfileVersion": 2,
  "requires": true,
  "packages": {
    "": {
      "name": "github-packages-monorepo-poc",
      "version": "1.0.0",
      "license": "ISC",
      "workspaces": [
        "packages/a",
        "packages/b",
        "packages/c"
      ]
    },
    "node_modules/a": {
      "resolved": "packages/a",
      "link": true
    },
    "node_modules/b": {
      "resolved": "packages/b",
      "link": true
    },
    "node_modules/c": {
      "resolved": "packages/c",
      "link": true
    },
    "packages/a": {
      "version": "1.0.0",
      "license": "ISC"
    },
    "packages/b": {
      "version": "1.0.0",
      "license": "ISC",
      "devDependencies": {}
    },
    "packages/c": {
      "version": "1.0.0",
      "license": "ISC",
      "devDependencies": {}
    }
  },
  "dependencies": {
    "a": {
      "version": "file:packages/a"
    },
    "b": {
      "version": "file:packages/b"
    },
    "c": {
      "version": "file:packages/c"
    }
  }
}
